
Microsoft Visual Studio Solution File, Format Version 12.00
# Visual Studio Version 17
VisualStudioVersion = 17.11.35303.130
MinimumVisualStudioVersion = 10.0.40219.1
Project("{FAE04EC0-301F-11D3-BF4B-00C04F79EFBC}") = "Dictionaries", "Dictionaries\Dictionaries.csproj", "{0333A745-D80A-44F2-8F27-E55DD9FE2A2A}"
EndProject
Global
	GlobalSection(SolutionConfigurationPlatforms) = preSolution
		Debug|Any CPU = Debug|Any CPU
		Release|Any CPU = Release|Any CPU
	EndGlobalSection
	GlobalSection(ProjectConfigurationPlatforms) = postSolution
		{0333A745-D80A-44F2-8F27-E55DD9FE2A2A}.Debug|Any CPU.ActiveCfg = Debug|Any CPU
		{0333A745-D80A-44F2-8F27-E55DD9FE2A2A}.Debug|Any CPU.Build.0 = Debug|Any CPU
		{0333A745-D80A-44F2-8F27-E55DD9FE2A2A}.Release|Any CPU.ActiveCfg = Release|Any CPU
		{0333A745-D80A-44F2-8F27-E55DD9FE2A2A}.Release|Any CPU.Build.0 = Release|Any CPU
	EndGlobalSection
	GlobalSection(SolutionProperties) = preSolution
		HideSolutionNode = FALSE
	EndGlobalSection
	GlobalSection(ExtensibilityGlobals) = postSolution
		SolutionGuid = {E62C2132-A95E-471E-8C39-888F579797E2}
	EndGlobalSection
EndGlobal
